
Microsoft Visual Studio Solution File, Format Version 12.00
# Visual Studio 15
VisualStudioVersion = 15.0.27130.2024
MinimumVisualStudioVersion = 10.0.40219.1
Project("{FAE04EC0-301F-11D3-BF4B-00C04F79EFBC}") = "WorkingExample", "WorkingExample\WorkingExample.csproj", "{3847C9A6-CA54-4742-9222-E8EB3AEE6F71}"
EndProject
Global
	GlobalSection(SolutionConfigurationPlatforms) = preSolution
		Debug|Any CPU = Debug|Any CPU
		Release|Any CPU = Release|Any CPU
	EndGlobalSection
	GlobalSection(ProjectConfigurationPlatforms) = postSolution
		{3847C9A6-CA54-4742-9222-E8EB3AEE6F71}.Debug|Any CPU.ActiveCfg = Debug|Any CPU
		{3847C9A6-CA54-4742-9222-E8EB3AEE6F71}.Debug|Any CPU.Build.0 = Debug|Any CPU
		{3847C9A6-CA54-4742-9222-E8EB3AEE6F71}.Release|Any CPU.ActiveCfg = Release|Any CPU
		{3847C9A6-CA54-4742-9222-E8EB3AEE6F71}.Release|Any CPU.Build.0 = Release|Any CPU
	EndGlobalSection
	GlobalSection(SolutionProperties) = preSolution
		HideSolutionNode = FALSE
	EndGlobalSection
	GlobalSection(ExtensibilityGlobals) = postSolution
		SolutionGuid = {DDA760CF-E70B-4378-BEB6-695B5C15A153}
	EndGlobalSection
EndGlobal
